<?xml version="1.0" encoding="utf-8"?>
<Project ToolsVersion="4.0" xmlns="http://schemas.microsoft.com/developer/msbuild/2003">
  <ItemGroup>
    <Filter Include="Utils">
      <UniqueIdentifier>{92ecb233-73ee-4216-9a7e-bb2fa7295539}</UniqueIdentifier>
    </Filter>
    <Filter Include="HackerRank">
      <UniqueIdentifier>{ff76a049-a5fd-4654-b4b7-c4219469322b}</UniqueIdentifier>
    </Filter>
  </ItemGroup>
  <ItemGroup>
    <ClCompile Include="Utils\Check.cpp">
      <Filter>Utils</Filter>
    </ClCompile>
    <ClCompile Include="Utils\Misc.cpp">
      <Filter>Utils</Filter>
    </ClCompile>
    <ClCompile Include="Utils\PerfTimer.cpp">
      <Filter>Utils</Filter>
    </ClCompile>
    <ClCompile Include="Utils\TestData.cpp">
      <Filter>Utils</Filter>
    </ClCompile>
    <ClCompile Include="!Main.cpp" />
    <ClCompile Include="HackerRank\h000.cpp">
      <Filter>HackerRank</Filter>
    </ClCompile>
    <ClCompile Include="!template.cpp" />
  </ItemGroup>
  <ItemGroup>
    <ClInclude Include="Utils\Check.h">
      <Filter>Utils</Filter>
    </ClInclude>
    <ClInclude Include="Utils\MemoryLeakDetector.h">
      <Filter>Utils</Filter>
    </ClInclude>
    <ClInclude Include="Utils\Misc.h">
      <Filter>Utils</Filter>
    </ClInclude>
    <ClInclude Include="Utils\PerfTimer.h">
      <Filter>Utils</Filter>
    </ClInclude>
    <ClInclude Include="Utils\TestData.h">
      <Filter>Utils</Filter>
    </ClInclude>
  </ItemGroup>
</Project>