<?xml version="1.0" encoding="utf-8"?>
<Project ToolsVersion="4.0" xmlns="http://schemas.microsoft.com/developer/msbuild/2003">
  <ItemGroup>
    <Filter Include="!ADT">
      <UniqueIdentifier>{cae62ea7-f2af-43e1-a8a2-97b10b87c01c}</UniqueIdentifier>
    </Filter>
    <Filter Include="SLL">
      <UniqueIdentifier>{054b5eb0-afec-471f-bfcf-6c9dfea72d0f}</UniqueIdentifier>
    </Filter>
    <Filter Include="Bits">
      <UniqueIdentifier>{85f2bd2c-fb1b-4bdf-8e28-7fe80c04706f}</UniqueIdentifier>
    </Filter>
    <Filter Include="Array">
      <UniqueIdentifier>{383073cd-33b4-4a1d-a9e1-a99841fa6cc4}</UniqueIdentifier>
    </Filter>
    <Filter Include="String">
      <UniqueIdentifier>{00e822b8-2bf3-4f2c-8c86-542aceb30889}</UniqueIdentifier>
    </Filter>
    <Filter Include="!Utils">
      <UniqueIdentifier>{92ecb233-73ee-4216-9a7e-bb2fa7295539}</UniqueIdentifier>
    </Filter>
    <Filter Include="Unspecified">
      <UniqueIdentifier>{1a5be68b-f41d-49bb-b593-ebac94293b21}</UniqueIdentifier>
    </Filter>
    <Filter Include="Geometry">
      <UniqueIdentifier>{77d1e082-6df1-4138-a51f-581300202da1}</UniqueIdentifier>
    </Filter>
  </ItemGroup>
  <ItemGroup>
    <ClCompile Include="Utils\Check.cpp">
      <Filter>!Utils</Filter>
    </ClCompile>
    <ClCompile Include="Utils\Misc.cpp">
      <Filter>!Utils</Filter>
    </ClCompile>
    <ClCompile Include="Utils\PerfTimer.cpp">
      <Filter>!Utils</Filter>
    </ClCompile>
    <ClCompile Include="Utils\TestData.cpp">
      <Filter>!Utils</Filter>
    </ClCompile>
    <ClCompile Include="!Main.cpp" />
    <ClCompile Include="!template.cpp" />
    <ClCompile Include="SLL\sll_00.cpp">
      <Filter>SLL</Filter>
    </ClCompile>
    <ClCompile Include="SLL\sll_01.cpp">
      <Filter>SLL</Filter>
    </ClCompile>
    <ClCompile Include="SLL\sll_02.cpp">
      <Filter>SLL</Filter>
    </ClCompile>
    <ClCompile Include="SLL\sll_03.cpp">
      <Filter>SLL</Filter>
    </ClCompile>
    <ClCompile Include="SLL\sll_04.cpp">
      <Filter>SLL</Filter>
    </ClCompile>
    <ClCompile Include="SLL\sll_05.cpp">
      <Filter>SLL</Filter>
    </ClCompile>
    <ClCompile Include="SLL\sll_06.cpp">
      <Filter>SLL</Filter>
    </ClCompile>
    <ClCompile Include="SLL\sll_07.cpp">
      <Filter>SLL</Filter>
    </ClCompile>
    <ClCompile Include="SLL\sll_08.cpp">
      <Filter>SLL</Filter>
    </ClCompile>
    <ClCompile Include="SLL\sll_09.cpp">
      <Filter>SLL</Filter>
    </ClCompile>
    <ClCompile Include="SLL\sll_10.cpp">
      <Filter>SLL</Filter>
    </ClCompile>
    <ClCompile Include="SLL\sll_11.cpp">
      <Filter>SLL</Filter>
    </ClCompile>
    <ClCompile Include="SLL\sll_12.cpp">
      <Filter>SLL</Filter>
    </ClCompile>
    <ClCompile Include="SLL\sll_13.cpp">
      <Filter>SLL</Filter>
    </ClCompile>
    <ClCompile Include="SLL\sll_14.cpp">
      <Filter>SLL</Filter>
    </ClCompile>
    <ClCompile Include="SLL\sll_15.cpp">
      <Filter>SLL</Filter>
    </ClCompile>
    <ClCompile Include="SLL\sll_16.cpp">
      <Filter>SLL</Filter>
    </ClCompile>
    <ClCompile Include="SLL\sll_17.cpp">
      <Filter>SLL</Filter>
    </ClCompile>
    <ClCompile Include="Bits\Bits_0.cpp">
      <Filter>Bits</Filter>
    </ClCompile>
    <ClCompile Include="Bits\Bits_1.cpp">
      <Filter>Bits</Filter>
    </ClCompile>
    <ClCompile Include="Bits\Bits_2.cpp">
      <Filter>Bits</Filter>
    </ClCompile>
    <ClCompile Include="Array\Array_0.cpp">
      <Filter>Array</Filter>
    </ClCompile>
    <ClCompile Include="String\String_0.cpp">
      <Filter>String</Filter>
    </ClCompile>
    <ClCompile Include="Unspecified\Unsp_0.cpp">
      <Filter>Unspecified</Filter>
    </ClCompile>
    <ClCompile Include="Unspecified\Unsp_1.cpp">
      <Filter>Unspecified</Filter>
    </ClCompile>
    <ClCompile Include="Unspecified\Unsp_2.cpp">
      <Filter>Unspecified</Filter>
    </ClCompile>
    <ClCompile Include="Unspecified\Unsp_3.cpp">
      <Filter>Unspecified</Filter>
    </ClCompile>
    <ClCompile Include="Geom\Geom_00.cpp">
      <Filter>Geometry</Filter>
    </ClCompile>
  </ItemGroup>
  <ItemGroup>
    <ClInclude Include="Utils\Check.h">
      <Filter>!Utils</Filter>
    </ClInclude>
    <ClInclude Include="Utils\MemoryLeakDetector.h">
      <Filter>!Utils</Filter>
    </ClInclude>
    <ClInclude Include="Utils\Misc.h">
      <Filter>!Utils</Filter>
    </ClInclude>
    <ClInclude Include="Utils\PerfTimer.h">
      <Filter>!Utils</Filter>
    </ClInclude>
    <ClInclude Include="Utils\TestData.h">
      <Filter>!Utils</Filter>
    </ClInclude>
    <ClInclude Include="!ADT\SLL.h">
      <Filter>!ADT</Filter>
    </ClInclude>
  </ItemGroup>
</Project>