<?xml version="1.0" encoding="utf-8"?>
<Project ToolsVersion="4.0" xmlns="http://schemas.microsoft.com/developer/msbuild/2003">
  <ItemGroup>
    <Filter Include="Utils">
      <UniqueIdentifier>{92ecb233-73ee-4216-9a7e-bb2fa7295539}</UniqueIdentifier>
    </Filter>
    <Filter Include="!ADT">
      <UniqueIdentifier>{cae62ea7-f2af-43e1-a8a2-97b10b87c01c}</UniqueIdentifier>
    </Filter>
    <Filter Include="SLL">
      <UniqueIdentifier>{054b5eb0-afec-471f-bfcf-6c9dfea72d0f}</UniqueIdentifier>
    </Filter>
    <Filter Include="Bits">
      <UniqueIdentifier>{85f2bd2c-fb1b-4bdf-8e28-7fe80c04706f}</UniqueIdentifier>
    </Filter>
    <Filter Include="!!_Obsolete">
      <UniqueIdentifier>{fb488f93-c0c4-4d76-8d04-0e78bb18a404}</UniqueIdentifier>
    </Filter>
    <Filter Include="!!_Obsolete\GfG">
      <UniqueIdentifier>{e0842126-3f72-4766-8190-cc91be415aa4}</UniqueIdentifier>
    </Filter>
    <Filter Include="Queue">
      <UniqueIdentifier>{1a5be68b-f41d-49bb-b593-ebac94293b21}</UniqueIdentifier>
    </Filter>
  </ItemGroup>
  <ItemGroup>
    <ClCompile Include="Utils\Check.cpp">
      <Filter>Utils</Filter>
    </ClCompile>
    <ClCompile Include="Utils\Misc.cpp">
      <Filter>Utils</Filter>
    </ClCompile>
    <ClCompile Include="Utils\PerfTimer.cpp">
      <Filter>Utils</Filter>
    </ClCompile>
    <ClCompile Include="Utils\TestData.cpp">
      <Filter>Utils</Filter>
    </ClCompile>
    <ClCompile Include="!Main.cpp" />
    <ClCompile Include="!template.cpp" />
    <ClCompile Include="GfG\g000.cpp">
      <Filter>!!_Obsolete\GfG</Filter>
    </ClCompile>
    <ClCompile Include="GfG\g001.cpp">
      <Filter>!!_Obsolete\GfG</Filter>
    </ClCompile>
    <ClCompile Include="GfG\g002.cpp">
      <Filter>!!_Obsolete\GfG</Filter>
    </ClCompile>
    <ClCompile Include="GfG\g003.cpp">
      <Filter>!!_Obsolete\GfG</Filter>
    </ClCompile>
    <ClCompile Include="GfG\g004.cpp">
      <Filter>!!_Obsolete\GfG</Filter>
    </ClCompile>
    <ClCompile Include="GfG\SLL\g015.cpp" />
    <ClCompile Include="SLL\sll_00.cpp">
      <Filter>SLL</Filter>
    </ClCompile>
    <ClCompile Include="SLL\sll_01.cpp">
      <Filter>SLL</Filter>
    </ClCompile>
    <ClCompile Include="SLL\sll_02.cpp">
      <Filter>SLL</Filter>
    </ClCompile>
    <ClCompile Include="SLL\sll_03.cpp">
      <Filter>SLL</Filter>
    </ClCompile>
    <ClCompile Include="SLL\sll_04.cpp">
      <Filter>SLL</Filter>
    </ClCompile>
    <ClCompile Include="SLL\sll_05.cpp">
      <Filter>SLL</Filter>
    </ClCompile>
    <ClCompile Include="SLL\sll_06.cpp">
      <Filter>SLL</Filter>
    </ClCompile>
    <ClCompile Include="SLL\sll_07.cpp">
      <Filter>SLL</Filter>
    </ClCompile>
    <ClCompile Include="SLL\sll_08.cpp">
      <Filter>SLL</Filter>
    </ClCompile>
    <ClCompile Include="SLL\sll_09.cpp">
      <Filter>SLL</Filter>
    </ClCompile>
    <ClCompile Include="SLL\sll_10.cpp">
      <Filter>SLL</Filter>
    </ClCompile>
    <ClCompile Include="SLL\sll_11.cpp">
      <Filter>SLL</Filter>
    </ClCompile>
    <ClCompile Include="SLL\sll_12.cpp">
      <Filter>SLL</Filter>
    </ClCompile>
    <ClCompile Include="SLL\sll_13.cpp">
      <Filter>SLL</Filter>
    </ClCompile>
    <ClCompile Include="SLL\sll_14.cpp">
      <Filter>SLL</Filter>
    </ClCompile>
    <ClCompile Include="SLL\sll_15.cpp">
      <Filter>SLL</Filter>
    </ClCompile>
    <ClCompile Include="SLL\sll_16.cpp">
      <Filter>SLL</Filter>
    </ClCompile>
    <ClCompile Include="SLL\sll_17.cpp">
      <Filter>SLL</Filter>
    </ClCompile>
    <ClCompile Include="Bits\Bits_0.cpp">
      <Filter>Bits</Filter>
    </ClCompile>
    <ClCompile Include="Bits\Bits_1.cpp">
      <Filter>Bits</Filter>
    </ClCompile>
    <ClCompile Include="Bits\Bits_2.cpp">
      <Filter>Bits</Filter>
    </ClCompile>
    <ClCompile Include="Queue\Queue_0.cpp">
      <Filter>Queue</Filter>
    </ClCompile>
  </ItemGroup>
  <ItemGroup>
    <ClInclude Include="Utils\Check.h">
      <Filter>Utils</Filter>
    </ClInclude>
    <ClInclude Include="Utils\MemoryLeakDetector.h">
      <Filter>Utils</Filter>
    </ClInclude>
    <ClInclude Include="Utils\Misc.h">
      <Filter>Utils</Filter>
    </ClInclude>
    <ClInclude Include="Utils\PerfTimer.h">
      <Filter>Utils</Filter>
    </ClInclude>
    <ClInclude Include="Utils\TestData.h">
      <Filter>Utils</Filter>
    </ClInclude>
    <ClInclude Include="!ADT\SLL.h">
      <Filter>!ADT</Filter>
    </ClInclude>
  </ItemGroup>
</Project>